<?xml version="1.0" encoding="UTF-8" standalone="yes" ?>
<CodeBlocks_project_file>
	<FileVersion major="1" minor="6" />
	<Project>
		<Option title="pacman" />
		<Option pch_mode="2" />
		<Option compiler="gcc" />
		<Build>
			<Target title="Debug">
				<Option output="bin/Debug/pacman" prefix_auto="1" extension_auto="1" />
				<Option object_output="obj/Debug/" />
				<Option type="1" />
				<Option compiler="gcc" />
				<Compiler>
					<Add option="-g" />
				</Compiler>
			</Target>
			<Target title="Release">
				<Option output="bin/Release/pacman" prefix_auto="1" extension_auto="1" />
				<Option object_output="obj/Release/" />
				<Option type="1" />
				<Option compiler="gcc" />
				<Compiler>
					<Add option="-O2" />
				</Compiler>
				<Linker>
					<Add option="-s" />
				</Linker>
			</Target>
		</Build>
		<Compiler>
			<Add option="-Wall" />
			<Add directory="include/stlport" />
			<Add directory="include" />
			<Add directory="include/gliese" />
			<Add directory="include/pacman" />
		</Compiler>
		<Linker>
			<Add library="lib/libpacman.a" />
			<Add library="lib/libstlport.a" />
			<Add library="SDL_ttf" />
			<Add library="SDL_image" />
			<Add library="SDL" />
		</Linker>
		<Unit filename="src/PacmanHeuristics.cpp" />
		<Unit filename="src/PacmanHeuristics.h" />
		<Unit filename="src/PacmanRTAPathfinder.cpp" />
		<Unit filename="src/PacmanRTAPathfinder.h" />
		<Unit filename="src/main.cpp" />
		<Extensions>
			<code_completion />
			<envvars />
			<debugger />
			<lib_finder disable_auto="1" />
		</Extensions>
	</Project>
</CodeBlocks_project_file>
